// !$*UTF8*$!
{
	archiveVersion = 1;
	classes = {
	};
	objectVersion = 46;
	objects = {

/* Begin PBXBuildFile section */
		A0682F9715C1F72000542099 /* TopPlacesTableViewController.m in Sources */ = {isa = PBXBuildFile; fileRef = A0682F9615C1F71F00542099 /* TopPlacesTableViewController.m */; };
		A06E7D7C15C91E3F00D8932B /* Settings.bundle in Resources */ = {isa = PBXBuildFile; fileRef = A06E7D7B15C91E3F00D8932B /* Settings.bundle */; };
		A0A7C49715C0A83600A83C26 /* UIKit.framework in Frameworks */ = {isa = PBXBuildFile; fileRef = A0A7C49615C0A83600A83C26 /* UIKit.framework */; };
		A0A7C49915C0A83600A83C26 /* Foundation.framework in Frameworks */ = {isa = PBXBuildFile; fileRef = A0A7C49815C0A83600A83C26 /* Foundation.framework */; };
		A0A7C49B15C0A83600A83C26 /* CoreGraphics.framework in Frameworks */ = {isa = PBXBuildFile; fileRef = A0A7C49A15C0A83600A83C26 /* CoreGraphics.framework */; };
		A0A7C4A115C0A83600A83C26 /* InfoPlist.strings in Resources */ = {isa = PBXBuildFile; fileRef = A0A7C49F15C0A83600A83C26 /* InfoPlist.strings */; };
		A0A7C4A315C0A83600A83C26 /* main.m in Sources */ = {isa = PBXBuildFile; fileRef = A0A7C4A215C0A83600A83C26 /* main.m */; };
		A0A7C4A715C0A83600A83C26 /* AppDelegate.m in Sources */ = {isa = PBXBuildFile; fileRef = A0A7C4A615C0A83600A83C26 /* AppDelegate.m */; };
		A0A7C4AA15C0A83600A83C26 /* MainStoryboard_iPhone.storyboard in Resources */ = {isa = PBXBuildFile; fileRef = A0A7C4A815C0A83600A83C26 /* MainStoryboard_iPhone.storyboard */; };
		A0A7C4AD15C0A83600A83C26 /* MainStoryboard_iPad.storyboard in Resources */ = {isa = PBXBuildFile; fileRef = A0A7C4AB15C0A83600A83C26 /* MainStoryboard_iPad.storyboard */; };
		A0A7C4B815C0A8CB00A83C26 /* FlickrPhotoTableViewController.m in Sources */ = {isa = PBXBuildFile; fileRef = A0A7C4B715C0A8CB00A83C26 /* FlickrPhotoTableViewController.m */; };
		A0A7C4BC15C0A9CC00A83C26 /* FlickrFetcher.m in Sources */ = {isa = PBXBuildFile; fileRef = A0A7C4BB15C0A9CC00A83C26 /* FlickrFetcher.m */; };
		A0A7C4D715C0BB6200A83C26 /* DetailViewController.m in Sources */ = {isa = PBXBuildFile; fileRef = A0A7C4D615C0BB6200A83C26 /* DetailViewController.m */; };
		A0F6385515C3207E0067B162 /* Countries.m in Sources */ = {isa = PBXBuildFile; fileRef = A0F6385415C3207E0067B162 /* Countries.m */; };
		A0F6386D15C625D80067B162 /* RecentPhotoTableViewController.m in Sources */ = {isa = PBXBuildFile; fileRef = A0F6386C15C625D80067B162 /* RecentPhotoTableViewController.m */; };
		A0F6387415C63A2A0067B162 /* PhotoTableViewController.m in Sources */ = {isa = PBXBuildFile; fileRef = A0F6387315C63A2A0067B162 /* PhotoTableViewController.m */; };
		A0FB160D15C7287300ED5294 /* iPadIcon.png in Resources */ = {isa = PBXBuildFile; fileRef = A0FB160915C7287300ED5294 /* iPadIcon.png */; };
		A0FB160E15C7287300ED5294 /* iPadIcon@2x.png in Resources */ = {isa = PBXBuildFile; fileRef = A0FB160A15C7287300ED5294 /* iPadIcon@2x.png */; };
		A0FB160F15C7287300ED5294 /* iPhoneIcon.png in Resources */ = {isa = PBXBuildFile; fileRef = A0FB160B15C7287300ED5294 /* iPhoneIcon.png */; };
		A0FB161015C7287300ED5294 /* iPhoneIcon@2x.png in Resources */ = {isa = PBXBuildFile; fileRef = A0FB160C15C7287300ED5294 /* iPhoneIcon@2x.png */; };
/* End PBXBuildFile section */

/* Begin PBXFileReference section */
		A0682F9515C1F71F00542099 /* TopPlacesTableViewController.h */ = {isa = PBXFileReference; fileEncoding = 4; lastKnownFileType = sourcecode.c.h; path = TopPlacesTableViewController.h; sourceTree = "<group>"; };
		A0682F9615C1F71F00542099 /* TopPlacesTableViewController.m */ = {isa = PBXFileReference; fileEncoding = 4; lastKnownFileType = sourcecode.c.objc; path = TopPlacesTableViewController.m; sourceTree = "<group>"; };
		A0682F9B15C1FD8B00542099 /* SplitViewBarButtonItemPresenter.h */ = {isa = PBXFileReference; fileEncoding = 4; lastKnownFileType = sourcecode.c.h; path = SplitViewBarButtonItemPresenter.h; sourceTree = "<group>"; };
		A06E7D7B15C91E3F00D8932B /* Settings.bundle */ = {isa = PBXFileReference; lastKnownFileType = "wrapper.plug-in"; path = Settings.bundle; sourceTree = "<group>"; };
		A0A7C49215C0A83600A83C26 /* Shutterbug.app */ = {isa = PBXFileReference; explicitFileType = wrapper.application; includeInIndex = 0; path = Shutterbug.app; sourceTree = BUILT_PRODUCTS_DIR; };
		A0A7C49615C0A83600A83C26 /* UIKit.framework */ = {isa = PBXFileReference; lastKnownFileType = wrapper.framework; name = UIKit.framework; path = System/Library/Frameworks/UIKit.framework; sourceTree = SDKROOT; };
		A0A7C49815C0A83600A83C26 /* Foundation.framework */ = {isa = PBXFileReference; lastKnownFileType = wrapper.framework; name = Foundation.framework; path = System/Library/Frameworks/Foundation.framework; sourceTree = SDKROOT; };
		A0A7C49A15C0A83600A83C26 /* CoreGraphics.framework */ = {isa = PBXFileReference; lastKnownFileType = wrapper.framework; name = CoreGraphics.framework; path = System/Library/Frameworks/CoreGraphics.framework; sourceTree = SDKROOT; };
		A0A7C49E15C0A83600A83C26 /* Shutterbug-Info.plist */ = {isa = PBXFileReference; lastKnownFileType = text.plist.xml; path = "Shutterbug-Info.plist"; sourceTree = "<group>"; };
		A0A7C4A015C0A83600A83C26 /* en */ = {isa = PBXFileReference; lastKnownFileType = text.plist.strings; name = en; path = en.lproj/InfoPlist.strings; sourceTree = "<group>"; };
		A0A7C4A215C0A83600A83C26 /* main.m */ = {isa = PBXFileReference; lastKnownFileType = sourcecode.c.objc; path = main.m; sourceTree = "<group>"; };
		A0A7C4A415C0A83600A83C26 /* Shutterbug-Prefix.pch */ = {isa = PBXFileReference; lastKnownFileType = sourcecode.c.h; path = "Shutterbug-Prefix.pch"; sourceTree = "<group>"; };
		A0A7C4A515C0A83600A83C26 /* AppDelegate.h */ = {isa = PBXFileReference; lastKnownFileType = sourcecode.c.h; path = AppDelegate.h; sourceTree = "<group>"; };
		A0A7C4A615C0A83600A83C26 /* AppDelegate.m */ = {isa = PBXFileReference; lastKnownFileType = sourcecode.c.objc; path = AppDelegate.m; sourceTree = "<group>"; };
		A0A7C4A915C0A83600A83C26 /* en */ = {isa = PBXFileReference; lastKnownFileType = file.storyboard; name = en; path = en.lproj/MainStoryboard_iPhone.storyboard; sourceTree = "<group>"; };
		A0A7C4AC15C0A83600A83C26 /* en */ = {isa = PBXFileReference; lastKnownFileType = file.storyboard; name = en; path = en.lproj/MainStoryboard_iPad.storyboard; sourceTree = "<group>"; };
		A0A7C4B615C0A8CB00A83C26 /* FlickrPhotoTableViewController.h */ = {isa = PBXFileReference; fileEncoding = 4; lastKnownFileType = sourcecode.c.h; path = FlickrPhotoTableViewController.h; sourceTree = "<group>"; };
		A0A7C4B715C0A8CB00A83C26 /* FlickrPhotoTableViewController.m */ = {isa = PBXFileReference; fileEncoding = 4; lastKnownFileType = sourcecode.c.objc; path = FlickrPhotoTableViewController.m; sourceTree = "<group>"; };
		A0A7C4B915C0A9CC00A83C26 /* FlickrAPIKey.h */ = {isa = PBXFileReference; fileEncoding = 4; lastKnownFileType = sourcecode.c.h; path = FlickrAPIKey.h; sourceTree = "<group>"; };
		A0A7C4BA15C0A9CC00A83C26 /* FlickrFetcher.h */ = {isa = PBXFileReference; fileEncoding = 4; lastKnownFileType = sourcecode.c.h; path = FlickrFetcher.h; sourceTree = "<group>"; };
		A0A7C4BB15C0A9CC00A83C26 /* FlickrFetcher.m */ = {isa = PBXFileReference; fileEncoding = 4; lastKnownFileType = sourcecode.c.objc; path = FlickrFetcher.m; sourceTree = "<group>"; };
		A0A7C4D515C0BB6200A83C26 /* DetailViewController.h */ = {isa = PBXFileReference; fileEncoding = 4; lastKnownFileType = sourcecode.c.h; path = DetailViewController.h; sourceTree = "<group>"; };
		A0A7C4D615C0BB6200A83C26 /* DetailViewController.m */ = {isa = PBXFileReference; fileEncoding = 4; lastKnownFileType = sourcecode.c.objc; path = DetailViewController.m; sourceTree = "<group>"; };
		A0F6385315C3207E0067B162 /* Countries.h */ = {isa = PBXFileReference; fileEncoding = 4; lastKnownFileType = sourcecode.c.h; path = Countries.h; sourceTree = "<group>"; };
		A0F6385415C3207E0067B162 /* Countries.m */ = {isa = PBXFileReference; fileEncoding = 4; lastKnownFileType = sourcecode.c.objc; path = Countries.m; sourceTree = "<group>"; };
		A0F6386B15C625D80067B162 /* RecentPhotoTableViewController.h */ = {isa = PBXFileReference; fileEncoding = 4; lastKnownFileType = sourcecode.c.h; path = RecentPhotoTableViewController.h; sourceTree = "<group>"; };
		A0F6386C15C625D80067B162 /* RecentPhotoTableViewController.m */ = {isa = PBXFileReference; fileEncoding = 4; lastKnownFileType = sourcecode.c.objc; path = RecentPhotoTableViewController.m; sourceTree = "<group>"; };
		A0F6387215C63A130067B162 /* PhotoTableViewController.h */ = {isa = PBXFileReference; fileEncoding = 4; lastKnownFileType = sourcecode.c.h; path = PhotoTableViewController.h; sourceTree = "<group>"; };
		A0F6387315C63A2A0067B162 /* PhotoTableViewController.m */ = {isa = PBXFileReference; fileEncoding = 4; lastKnownFileType = sourcecode.c.objc; path = PhotoTableViewController.m; sourceTree = "<group>"; };
		A0FB160915C7287300ED5294 /* iPadIcon.png */ = {isa = PBXFileReference; lastKnownFileType = image.png; path = iPadIcon.png; sourceTree = "<group>"; };
		A0FB160A15C7287300ED5294 /* iPadIcon@2x.png */ = {isa = PBXFileReference; lastKnownFileType = image.png; path = "iPadIcon@2x.png"; sourceTree = "<group>"; };
		A0FB160B15C7287300ED5294 /* iPhoneIcon.png */ = {isa = PBXFileReference; lastKnownFileType = image.png; path = iPhoneIcon.png; sourceTree = "<group>"; };
		A0FB160C15C7287300ED5294 /* iPhoneIcon@2x.png */ = {isa = PBXFileReference; lastKnownFileType = image.png; path = "iPhoneIcon@2x.png"; sourceTree = "<group>"; };
/* End PBXFileReference section */

/* Begin PBXFrameworksBuildPhase section */
		A0A7C48F15C0A83600A83C26 /* Frameworks */ = {
			isa = PBXFrameworksBuildPhase;
			buildActionMask = 2147483647;
			files = (
				A0A7C49715C0A83600A83C26 /* UIKit.framework in Frameworks */,
				A0A7C49915C0A83600A83C26 /* Foundation.framework in Frameworks */,
				A0A7C49B15C0A83600A83C26 /* CoreGraphics.framework in Frameworks */,
			);
			runOnlyForDeploymentPostprocessing = 0;
		};
/* End PBXFrameworksBuildPhase section */

/* Begin PBXGroup section */
		A0A7C48715C0A83600A83C26 = {
			isa = PBXGroup;
			children = (
				A0A7C49C15C0A83600A83C26 /* Shutterbug */,
				A0A7C49515C0A83600A83C26 /* Frameworks */,
				A0A7C49315C0A83600A83C26 /* Products */,
			);
			sourceTree = "<group>";
		};
		A0A7C49315C0A83600A83C26 /* Products */ = {
			isa = PBXGroup;
			children = (
				A0A7C49215C0A83600A83C26 /* Shutterbug.app */,
			);
			name = Products;
			sourceTree = "<group>";
		};
		A0A7C49515C0A83600A83C26 /* Frameworks */ = {
			isa = PBXGroup;
			children = (
				A0A7C49615C0A83600A83C26 /* UIKit.framework */,
				A0A7C49815C0A83600A83C26 /* Foundation.framework */,
				A0A7C49A15C0A83600A83C26 /* CoreGraphics.framework */,
			);
			name = Frameworks;
			sourceTree = "<group>";
		};
		A0A7C49C15C0A83600A83C26 /* Shutterbug */ = {
			isa = PBXGroup;
			children = (
				A0A7C4A815C0A83600A83C26 /* MainStoryboard_iPhone.storyboard */,
				A0A7C4AB15C0A83600A83C26 /* MainStoryboard_iPad.storyboard */,
				A0682F9B15C1FD8B00542099 /* SplitViewBarButtonItemPresenter.h */,
				A0682F9515C1F71F00542099 /* TopPlacesTableViewController.h */,
				A0682F9615C1F71F00542099 /* TopPlacesTableViewController.m */,
				A0F6385315C3207E0067B162 /* Countries.h */,
				A0F6385415C3207E0067B162 /* Countries.m */,
				A0F6387215C63A130067B162 /* PhotoTableViewController.h */,
				A0F6387315C63A2A0067B162 /* PhotoTableViewController.m */,
				A0A7C4B615C0A8CB00A83C26 /* FlickrPhotoTableViewController.h */,
				A0A7C4B715C0A8CB00A83C26 /* FlickrPhotoTableViewController.m */,
				A0F6386B15C625D80067B162 /* RecentPhotoTableViewController.h */,
				A0F6386C15C625D80067B162 /* RecentPhotoTableViewController.m */,
				A0A7C4D515C0BB6200A83C26 /* DetailViewController.h */,
				A0A7C4D615C0BB6200A83C26 /* DetailViewController.m */,
				A0A7C4B915C0A9CC00A83C26 /* FlickrAPIKey.h */,
				A0A7C4BA15C0A9CC00A83C26 /* FlickrFetcher.h */,
				A0A7C4BB15C0A9CC00A83C26 /* FlickrFetcher.m */,
				A0A7C49D15C0A83600A83C26 /* Supporting Files */,
			);
			path = Shutterbug;
			sourceTree = "<group>";
		};
		A0A7C49D15C0A83600A83C26 /* Supporting Files */ = {
			isa = PBXGroup;
			children = (
				A06E7D7B15C91E3F00D8932B /* Settings.bundle */,
				A0FB160915C7287300ED5294 /* iPadIcon.png */,
				A0FB160A15C7287300ED5294 /* iPadIcon@2x.png */,
				A0FB160B15C7287300ED5294 /* iPhoneIcon.png */,
				A0FB160C15C7287300ED5294 /* iPhoneIcon@2x.png */,
				A0A7C4A515C0A83600A83C26 /* AppDelegate.h */,
				A0A7C4A615C0A83600A83C26 /* AppDelegate.m */,
				A0A7C49E15C0A83600A83C26 /* Shutterbug-Info.plist */,
				A0A7C49F15C0A83600A83C26 /* InfoPlist.strings */,
				A0A7C4A215C0A83600A83C26 /* main.m */,
				A0A7C4A415C0A83600A83C26 /* Shutterbug-Prefix.pch */,
			);
			name = "Supporting Files";
			sourceTree = "<group>";
		};
/* End PBXGroup section */

/* Begin PBXNativeTarget section */
		A0A7C49115C0A83600A83C26 /* Shutterbug */ = {
			isa = PBXNativeTarget;
			buildConfigurationList = A0A7C4B315C0A83600A83C26 /* Build configuration list for PBXNativeTarget "Shutterbug" */;
			buildPhases = (
				A0A7C48E15C0A83600A83C26 /* Sources */,
				A0A7C48F15C0A83600A83C26 /* Frameworks */,
				A0A7C49015C0A83600A83C26 /* Resources */,
			);
			buildRules = (
			);
			dependencies = (
			);
			name = Shutterbug;
			productName = Shutterbug;
			productReference = A0A7C49215C0A83600A83C26 /* Shutterbug.app */;
			productType = "com.apple.product-type.application";
		};
/* End PBXNativeTarget section */

/* Begin PBXProject section */
		A0A7C48915C0A83600A83C26 /* Project object */ = {
			isa = PBXProject;
			attributes = {
				LastUpgradeCheck = 0440;
				ORGANIZATIONNAME = "Eytan Bernet";
			};
			buildConfigurationList = A0A7C48C15C0A83600A83C26 /* Build configuration list for PBXProject "Shutterbug" */;
			compatibilityVersion = "Xcode 3.2";
			developmentRegion = English;
			hasScannedForEncodings = 0;
			knownRegions = (
				en,
			);
			mainGroup = A0A7C48715C0A83600A83C26;
			productRefGroup = A0A7C49315C0A83600A83C26 /* Products */;
			projectDirPath = "";
			projectRoot = "";
			targets = (
				A0A7C49115C0A83600A83C26 /* Shutterbug */,
			);
		};
/* End PBXProject section */

/* Begin PBXResourcesBuildPhase section */
		A0A7C49015C0A83600A83C26 /* Resources */ = {
			isa = PBXResourcesBuildPhase;
			buildActionMask = 2147483647;
			files = (
				A0A7C4A115C0A83600A83C26 /* InfoPlist.strings in Resources */,
				A0A7C4AA15C0A83600A83C26 /* MainStoryboard_iPhone.storyboard in Resources */,
				A0A7C4AD15C0A83600A83C26 /* MainStoryboard_iPad.storyboard in Resources */,
				A0FB160D15C7287300ED5294 /* iPadIcon.png in Resources */,
				A0FB160E15C7287300ED5294 /* iPadIcon@2x.png in Resources */,
				A0FB160F15C7287300ED5294 /* iPhoneIcon.png in Resources */,
				A0FB161015C7287300ED5294 /* iPhoneIcon@2x.png in Resources */,
				A06E7D7C15C91E3F00D8932B /* Settings.bundle in Resources */,
			);
			runOnlyForDeploymentPostprocessing = 0;
		};
/* End PBXResourcesBuildPhase section */

/* Begin PBXSourcesBuildPhase section */
		A0A7C48E15C0A83600A83C26 /* Sources */ = {
			isa = PBXSourcesBuildPhase;
			buildActionMask = 2147483647;
			files = (
				A0A7C4A315C0A83600A83C26 /* main.m in Sources */,
				A0A7C4A715C0A83600A83C26 /* AppDelegate.m in Sources */,
				A0A7C4B815C0A8CB00A83C26 /* FlickrPhotoTableViewController.m in Sources */,
				A0A7C4BC15C0A9CC00A83C26 /* FlickrFetcher.m in Sources */,
				A0A7C4D715C0BB6200A83C26 /* DetailViewController.m in Sources */,
				A0682F9715C1F72000542099 /* TopPlacesTableViewController.m in Sources */,
				A0F6385515C3207E0067B162 /* Countries.m in Sources */,
				A0F6386D15C625D80067B162 /* RecentPhotoTableViewController.m in Sources */,
				A0F6387415C63A2A0067B162 /* PhotoTableViewController.m in Sources */,
			);
			runOnlyForDeploymentPostprocessing = 0;
		};
/* End PBXSourcesBuildPhase section */

/* Begin PBXVariantGroup section */
		A0A7C49F15C0A83600A83C26 /* InfoPlist.strings */ = {
			isa = PBXVariantGroup;
			children = (
				A0A7C4A015C0A83600A83C26 /* en */,
			);
			name = InfoPlist.strings;
			sourceTree = "<group>";
		};
		A0A7C4A815C0A83600A83C26 /* MainStoryboard_iPhone.storyboard */ = {
			isa = PBXVariantGroup;
			children = (
				A0A7C4A915C0A83600A83C26 /* en */,
			);
			name = MainStoryboard_iPhone.storyboard;
			sourceTree = "<group>";
		};
		A0A7C4AB15C0A83600A83C26 /* MainStoryboard_iPad.storyboard */ = {
			isa = PBXVariantGroup;
			children = (
				A0A7C4AC15C0A83600A83C26 /* en */,
			);
			name = MainStoryboard_iPad.storyboard;
			sourceTree = "<group>";
		};
/* End PBXVariantGroup section */

/* Begin XCBuildConfiguration section */
		A0A7C4B115C0A83600A83C26 /* Debug */ = {
			isa = XCBuildConfiguration;
			buildSettings = {
				ALWAYS_SEARCH_USER_PATHS = NO;
				ARCHS = "$(ARCHS_STANDARD_32_BIT)";
				CLANG_CXX_LANGUAGE_STANDARD = "gnu++0x";
				CLANG_ENABLE_OBJC_ARC = YES;
				CLANG_WARN__DUPLICATE_METHOD_MATCH = YES;
				"CODE_SIGN_IDENTITY[sdk=iphoneos*]" = "iPhone Developer";
				COPY_PHASE_STRIP = NO;
				GCC_C_LANGUAGE_STANDARD = gnu99;
				GCC_DYNAMIC_NO_PIC = NO;
				GCC_OPTIMIZATION_LEVEL = 0;
				GCC_PREPROCESSOR_DEFINITIONS = (
					"DEBUG=1",
					"$(inherited)",
				);
				GCC_SYMBOLS_PRIVATE_EXTERN = NO;
				GCC_VERSION = com.apple.compilers.llvm.clang.1_0;
				GCC_WARN_ABOUT_RETURN_TYPE = YES;
				GCC_WARN_UNINITIALIZED_AUTOS = YES;
				GCC_WARN_UNUSED_VARIABLE = YES;
				IPHONEOS_DEPLOYMENT_TARGET = 5.1;
				SDKROOT = iphoneos;
				TARGETED_DEVICE_FAMILY = "1,2";
			};
			name = Debug;
		};
		A0A7C4B215C0A83600A83C26 /* Release */ = {
			isa = XCBuildConfiguration;
			buildSettings = {
				ALWAYS_SEARCH_USER_PATHS = NO;
				ARCHS = "$(ARCHS_STANDARD_32_BIT)";
				CLANG_CXX_LANGUAGE_STANDARD = "gnu++0x";
				CLANG_ENABLE_OBJC_ARC = YES;
				CLANG_WARN__DUPLICATE_METHOD_MATCH = YES;
				"CODE_SIGN_IDENTITY[sdk=iphoneos*]" = "iPhone Developer";
				COPY_PHASE_STRIP = YES;
				GCC_C_LANGUAGE_STANDARD = gnu99;
				GCC_VERSION = com.apple.compilers.llvm.clang.1_0;
				GCC_WARN_ABOUT_RETURN_TYPE = YES;
				GCC_WARN_UNINITIALIZED_AUTOS = YES;
				GCC_WARN_UNUSED_VARIABLE = YES;
				IPHONEOS_DEPLOYMENT_TARGET = 5.1;
				OTHER_CFLAGS = "-DNS_BLOCK_ASSERTIONS=1";
				SDKROOT = iphoneos;
				TARGETED_DEVICE_FAMILY = "1,2";
				VALIDATE_PRODUCT = YES;
			};
			name = Release;
		};
		A0A7C4B415C0A83600A83C26 /* Debug */ = {
			isa = XCBuildConfiguration;
			buildSettings = {
				GCC_PRECOMPILE_PREFIX_HEADER = YES;
				GCC_PREFIX_HEADER = "Shutterbug/Shutterbug-Prefix.pch";
				INFOPLIST_FILE = "Shutterbug/Shutterbug-Info.plist";
				IPHONEOS_DEPLOYMENT_TARGET = 5.0;
				PRODUCT_NAME = "$(TARGET_NAME)";
				WRAPPER_EXTENSION = app;
			};
			name = Debug;
		};
		A0A7C4B515C0A83600A83C26 /* Release */ = {
			isa = XCBuildConfiguration;
			buildSettings = {
				GCC_PRECOMPILE_PREFIX_HEADER = YES;
				GCC_PREFIX_HEADER = "Shutterbug/Shutterbug-Prefix.pch";
				INFOPLIST_FILE = "Shutterbug/Shutterbug-Info.plist";
				IPHONEOS_DEPLOYMENT_TARGET = 5.0;
				PRODUCT_NAME = "$(TARGET_NAME)";
				WRAPPER_EXTENSION = app;
			};
			name = Release;
		};
/* End XCBuildConfiguration section */

/* Begin XCConfigurationList section */
		A0A7C48C15C0A83600A83C26 /* Build configuration list for PBXProject "Shutterbug" */ = {
			isa = XCConfigurationList;
			buildConfigurations = (
				A0A7C4B115C0A83600A83C26 /* Debug */,
				A0A7C4B215C0A83600A83C26 /* Release */,
			);
			defaultConfigurationIsVisible = 0;
			defaultConfigurationName = Release;
		};
		A0A7C4B315C0A83600A83C26 /* Build configuration list for PBXNativeTarget "Shutterbug" */ = {
			isa = XCConfigurationList;
			buildConfigurations = (
				A0A7C4B415C0A83600A83C26 /* Debug */,
				A0A7C4B515C0A83600A83C26 /* Release */,
			);
			defaultConfigurationIsVisible = 0;
			defaultConfigurationName = Release;
		};
/* End XCConfigurationList section */
	};
	rootObject = A0A7C48915C0A83600A83C26 /* Project object */;
}
